
Microsoft Visual Studio Solution File, Format Version 12.00
# Visual Studio Version 16
VisualStudioVersion = 16.0.31702.278
MinimumVisualStudioVersion = 10.0.40219.1
Project("{FAE04EC0-301F-11D3-BF4B-00C04F79EFBC}") = "CustomExternalAuthentication", "CustomExternalAuthentication.csproj", "{657EBADE-8D42-4148-8381-6D02E4BA5978}"
EndProject
Global
	GlobalSection(SolutionConfigurationPlatforms) = preSolution
		Debug|Any CPU = Debug|Any CPU
		Release|Any CPU = Release|Any CPU
	EndGlobalSection
	GlobalSection(ProjectConfigurationPlatforms) = postSolution
		{657EBADE-8D42-4148-8381-6D02E4BA5978}.Debug|Any CPU.ActiveCfg = Debug|Any CPU
		{657EBADE-8D42-4148-8381-6D02E4BA5978}.Debug|Any CPU.Build.0 = Debug|Any CPU
		{657EBADE-8D42-4148-8381-6D02E4BA5978}.Release|Any CPU.ActiveCfg = Release|Any CPU
		{657EBADE-8D42-4148-8381-6D02E4BA5978}.Release|Any CPU.Build.0 = Release|Any CPU
	EndGlobalSection
	GlobalSection(SolutionProperties) = preSolution
		HideSolutionNode = FALSE
	EndGlobalSection
	GlobalSection(ExtensibilityGlobals) = postSolution
		SolutionGuid = {FBBA3857-9338-41F2-A485-CD9FD577AD61}
	EndGlobalSection
EndGlobal
